
Microsoft Visual Studio Solution File, Format Version 12.00
# Visual Studio Version 16
VisualStudioVersion = 16.0.28729.10
MinimumVisualStudioVersion = 10.0.40219.1
Project("{FAE04EC0-301F-11D3-BF4B-00C04F79EFBC}") = "MBCT.Csv", "MBCT.Csv\MBCT.Csv.csproj", "{747665C7-468F-4257-AABE-BE7D18629AC8}"
EndProject
Project("{FAE04EC0-301F-11D3-BF4B-00C04F79EFBC}") = "CsvReaderUI", "CsvReaderUI\CsvReaderUI.csproj", "{F039BAD3-6724-4242-83ED-77D5181BA3AF}"
EndProject
Project("{2150E333-8FDC-42A3-9474-1A3956D46DE8}") = "MBCT", "MBCT", "{EC59413A-1B99-4C6F-A0EC-A88481D56B53}"
EndProject
Project("{2150E333-8FDC-42A3-9474-1A3956D46DE8}") = "Tests", "Tests", "{A3FB6C4E-3503-4C73-BCBE-7DF26348D6AC}"
EndProject
Project("{2150E333-8FDC-42A3-9474-1A3956D46DE8}") = "UnitTests", "UnitTests", "{223DB12B-EA16-419A-A46F-31F81B02DAE7}"
EndProject
Project("{2150E333-8FDC-42A3-9474-1A3956D46DE8}") = "Helpers", "Helpers", "{4C09C97A-779C-48AD-A2AD-53339C4FDAC1}"
EndProject
Project("{FAE04EC0-301F-11D3-BF4B-00C04F79EFBC}") = "MBCT.Csv.Tests", "Tests\UnitTests\MBCT.Csv.Tests\MBCT.Csv.Tests.csproj", "{0018E49D-4C41-4908-8EE5-87CD534A1A5B}"
EndProject
Project("{FAE04EC0-301F-11D3-BF4B-00C04F79EFBC}") = "MBCT.TestTools", "Tests\Helpers\MBCT.TestTools\MBCT.TestTools.csproj", "{7F9135E1-7369-4637-8231-F91ED5F57F0B}"
EndProject
Project("{FAE04EC0-301F-11D3-BF4B-00C04F79EFBC}") = "MBCT.Prompt", "..\DataServices.MBCT.Prompt\MBCT.Prompt\MBCT.Prompt.csproj", "{F915E232-F8D2-4445-BCD1-812E3C10BF03}"
EndProject
Global
	GlobalSection(SolutionConfigurationPlatforms) = preSolution
		Debug|Any CPU = Debug|Any CPU
		Debug|x86 = Debug|x86
		Release|Any CPU = Release|Any CPU
		Release|x86 = Release|x86
	EndGlobalSection
	GlobalSection(ProjectConfigurationPlatforms) = postSolution
		{747665C7-468F-4257-AABE-BE7D18629AC8}.Debug|Any CPU.ActiveCfg = Debug|Any CPU
		{747665C7-468F-4257-AABE-BE7D18629AC8}.Debug|Any CPU.Build.0 = Debug|Any CPU
		{747665C7-468F-4257-AABE-BE7D18629AC8}.Debug|x86.ActiveCfg = Debug|x86
		{747665C7-468F-4257-AABE-BE7D18629AC8}.Debug|x86.Build.0 = Debug|x86
		{747665C7-468F-4257-AABE-BE7D18629AC8}.Release|Any CPU.ActiveCfg = Release|Any CPU
		{747665C7-468F-4257-AABE-BE7D18629AC8}.Release|Any CPU.Build.0 = Release|Any CPU
		{747665C7-468F-4257-AABE-BE7D18629AC8}.Release|x86.ActiveCfg = Release|x86
		{747665C7-468F-4257-AABE-BE7D18629AC8}.Release|x86.Build.0 = Release|x86
		{F039BAD3-6724-4242-83ED-77D5181BA3AF}.Debug|Any CPU.ActiveCfg = Debug|Any CPU
		{F039BAD3-6724-4242-83ED-77D5181BA3AF}.Debug|Any CPU.Build.0 = Debug|Any CPU
		{F039BAD3-6724-4242-83ED-77D5181BA3AF}.Debug|x86.ActiveCfg = Debug|Any CPU
		{F039BAD3-6724-4242-83ED-77D5181BA3AF}.Debug|x86.Build.0 = Debug|Any CPU
		{F039BAD3-6724-4242-83ED-77D5181BA3AF}.Release|Any CPU.ActiveCfg = Release|Any CPU
		{F039BAD3-6724-4242-83ED-77D5181BA3AF}.Release|Any CPU.Build.0 = Release|Any CPU
		{F039BAD3-6724-4242-83ED-77D5181BA3AF}.Release|x86.ActiveCfg = Release|Any CPU
		{F039BAD3-6724-4242-83ED-77D5181BA3AF}.Release|x86.Build.0 = Release|Any CPU
		{0018E49D-4C41-4908-8EE5-87CD534A1A5B}.Debug|Any CPU.ActiveCfg = Debug|Any CPU
		{0018E49D-4C41-4908-8EE5-87CD534A1A5B}.Debug|Any CPU.Build.0 = Debug|Any CPU
		{0018E49D-4C41-4908-8EE5-87CD534A1A5B}.Debug|x86.ActiveCfg = Debug|Any CPU
		{0018E49D-4C41-4908-8EE5-87CD534A1A5B}.Debug|x86.Build.0 = Debug|Any CPU
		{0018E49D-4C41-4908-8EE5-87CD534A1A5B}.Release|Any CPU.ActiveCfg = Release|Any CPU
		{0018E49D-4C41-4908-8EE5-87CD534A1A5B}.Release|Any CPU.Build.0 = Release|Any CPU
		{0018E49D-4C41-4908-8EE5-87CD534A1A5B}.Release|x86.ActiveCfg = Release|Any CPU
		{0018E49D-4C41-4908-8EE5-87CD534A1A5B}.Release|x86.Build.0 = Release|Any CPU
		{7F9135E1-7369-4637-8231-F91ED5F57F0B}.Debug|Any CPU.ActiveCfg = Debug|Any CPU
		{7F9135E1-7369-4637-8231-F91ED5F57F0B}.Debug|Any CPU.Build.0 = Debug|Any CPU
		{7F9135E1-7369-4637-8231-F91ED5F57F0B}.Debug|x86.ActiveCfg = Debug|Any CPU
		{7F9135E1-7369-4637-8231-F91ED5F57F0B}.Debug|x86.Build.0 = Debug|Any CPU
		{7F9135E1-7369-4637-8231-F91ED5F57F0B}.Release|Any CPU.ActiveCfg = Release|Any CPU
		{7F9135E1-7369-4637-8231-F91ED5F57F0B}.Release|Any CPU.Build.0 = Release|Any CPU
		{7F9135E1-7369-4637-8231-F91ED5F57F0B}.Release|x86.ActiveCfg = Release|Any CPU
		{7F9135E1-7369-4637-8231-F91ED5F57F0B}.Release|x86.Build.0 = Release|Any CPU
		{F915E232-F8D2-4445-BCD1-812E3C10BF03}.Debug|Any CPU.ActiveCfg = Debug|Any CPU
		{F915E232-F8D2-4445-BCD1-812E3C10BF03}.Debug|Any CPU.Build.0 = Debug|Any CPU
		{F915E232-F8D2-4445-BCD1-812E3C10BF03}.Debug|x86.ActiveCfg = Debug|x86
		{F915E232-F8D2-4445-BCD1-812E3C10BF03}.Debug|x86.Build.0 = Debug|x86
		{F915E232-F8D2-4445-BCD1-812E3C10BF03}.Release|Any CPU.ActiveCfg = Release|Any CPU
		{F915E232-F8D2-4445-BCD1-812E3C10BF03}.Release|Any CPU.Build.0 = Release|Any CPU
		{F915E232-F8D2-4445-BCD1-812E3C10BF03}.Release|x86.ActiveCfg = Release|x86
		{F915E232-F8D2-4445-BCD1-812E3C10BF03}.Release|x86.Build.0 = Release|x86
	EndGlobalSection
	GlobalSection(SolutionProperties) = preSolution
		HideSolutionNode = FALSE
	EndGlobalSection
	GlobalSection(NestedProjects) = preSolution
		{223DB12B-EA16-419A-A46F-31F81B02DAE7} = {A3FB6C4E-3503-4C73-BCBE-7DF26348D6AC}
		{4C09C97A-779C-48AD-A2AD-53339C4FDAC1} = {A3FB6C4E-3503-4C73-BCBE-7DF26348D6AC}
		{0018E49D-4C41-4908-8EE5-87CD534A1A5B} = {223DB12B-EA16-419A-A46F-31F81B02DAE7}
		{7F9135E1-7369-4637-8231-F91ED5F57F0B} = {4C09C97A-779C-48AD-A2AD-53339C4FDAC1}
		{F915E232-F8D2-4445-BCD1-812E3C10BF03} = {EC59413A-1B99-4C6F-A0EC-A88481D56B53}
	EndGlobalSection
	GlobalSection(ExtensibilityGlobals) = postSolution
		SolutionGuid = {03345F21-245F-4C1D-95E6-2B52E0839FAA}
	EndGlobalSection
EndGlobal
